// !$*UTF8*$!
{
	archiveVersion = 1;
	classes = {
	};
	objectVersion = 46;
	objects = {

/* Begin PBXBuildFile section */
		4AA07BBF1EF1861600E7110F /* AppDelegate.swift in Sources */ = {isa = PBXBuildFile; fileRef = 4AA07BBE1EF1861600E7110F /* AppDelegate.swift */; };
		4AA07BC11EF1861600E7110F /* ViewController.swift in Sources */ = {isa = PBXBuildFile; fileRef = 4AA07BC01EF1861600E7110F /* ViewController.swift */; };
		4AA07BC41EF1861600E7110F /* Main.storyboard in Resources */ = {isa = PBXBuildFile; fileRef = 4AA07BC21EF1861600E7110F /* Main.storyboard */; };
		4AA07BC61EF1861600E7110F /* Assets.xcassets in Resources */ = {isa = PBXBuildFile; fileRef = 4AA07BC51EF1861600E7110F /* Assets.xcassets */; };
		4AA07BC91EF1861600E7110F /* LaunchScreen.storyboard in Resources */ = {isa = PBXBuildFile; fileRef = 4AA07BC71EF1861600E7110F /* LaunchScreen.storyboard */; };
		4AA07BD11EF18EC200E7110F /* DataCell.swift in Sources */ = {isa = PBXBuildFile; fileRef = 4AA07BD01EF18EC200E7110F /* DataCell.swift */; };
/* End PBXBuildFile section */

/* Begin PBXFileReference section */
		4AA07BBB1EF1861600E7110F /* SearchApp.app */ = {isa = PBXFileReference; explicitFileType = wrapper.application; includeInIndex = 0; path = SearchApp.app; sourceTree = BUILT_PRODUCTS_DIR; };
		4AA07BBE1EF1861600E7110F /* AppDelegate.swift */ = {isa = PBXFileReference; lastKnownFileType = sourcecode.swift; path = AppDelegate.swift; sourceTree = "<group>"; };
		4AA07BC01EF1861600E7110F /* ViewController.swift */ = {isa = PBXFileReference; lastKnownFileType = sourcecode.swift; path = ViewController.swift; sourceTree = "<group>"; };
		4AA07BC31EF1861600E7110F /* Base */ = {isa = PBXFileReference; lastKnownFileType = file.storyboard; name = Base; path = Base.lproj/Main.storyboard; sourceTree = "<group>"; };
		4AA07BC51EF1861600E7110F /* Assets.xcassets */ = {isa = PBXFileReference; lastKnownFileType = folder.assetcatalog; path = Assets.xcassets; sourceTree = "<group>"; };
		4AA07BC81EF1861600E7110F /* Base */ = {isa = PBXFileReference; lastKnownFileType = file.storyboard; name = Base; path = Base.lproj/LaunchScreen.storyboard; sourceTree = "<group>"; };
		4AA07BCA1EF1861600E7110F /* Info.plist */ = {isa = PBXFileReference; lastKnownFileType = text.plist.xml; path = Info.plist; sourceTree = "<group>"; };
		4AA07BD01EF18EC200E7110F /* DataCell.swift */ = {isa = PBXFileReference; fileEncoding = 4; lastKnownFileType = sourcecode.swift; path = DataCell.swift; sourceTree = "<group>"; };
/* End PBXFileReference section */

/* Begin PBXFrameworksBuildPhase section */
		4AA07BB81EF1861600E7110F /* Frameworks */ = {
			isa = PBXFrameworksBuildPhase;
			buildActionMask = 2147483647;
			files = (
			);
			runOnlyForDeploymentPostprocessing = 0;
		};
/* End PBXFrameworksBuildPhase section */

/* Begin PBXGroup section */
		4AA07BB21EF1861600E7110F = {
			isa = PBXGroup;
			children = (
				4AA07BBD1EF1861600E7110F /* SearchApp */,
				4AA07BBC1EF1861600E7110F /* Products */,
			);
			sourceTree = "<group>";
		};
		4AA07BBC1EF1861600E7110F /* Products */ = {
			isa = PBXGroup;
			children = (
				4AA07BBB1EF1861600E7110F /* SearchApp.app */,
			);
			name = Products;
			sourceTree = "<group>";
		};
		4AA07BBD1EF1861600E7110F /* SearchApp */ = {
			isa = PBXGroup;
			children = (
				4AA07BBE1EF1861600E7110F /* AppDelegate.swift */,
				4AA07BC01EF1861600E7110F /* ViewController.swift */,
				4AA07BC21EF1861600E7110F /* Main.storyboard */,
				4AA07BC51EF1861600E7110F /* Assets.xcassets */,
				4AA07BC71EF1861600E7110F /* LaunchScreen.storyboard */,
				4AA07BCA1EF1861600E7110F /* Info.plist */,
				4AA07BD01EF18EC200E7110F /* DataCell.swift */,
			);
			path = SearchApp;
			sourceTree = "<group>";
		};
/* End PBXGroup section */

/* Begin PBXNativeTarget section */
		4AA07BBA1EF1861600E7110F /* SearchApp */ = {
			isa = PBXNativeTarget;
			buildConfigurationList = 4AA07BCD1EF1861600E7110F /* Build configuration list for PBXNativeTarget "SearchApp" */;
			buildPhases = (
				4AA07BB71EF1861600E7110F /* Sources */,
				4AA07BB81EF1861600E7110F /* Frameworks */,
				4AA07BB91EF1861600E7110F /* Resources */,
			);
			buildRules = (
			);
			dependencies = (
			);
			name = SearchApp;
			productName = SearchApp;
			productReference = 4AA07BBB1EF1861600E7110F /* SearchApp.app */;
			productType = "com.apple.product-type.application";
		};
/* End PBXNativeTarget section */

/* Begin PBXProject section */
		4AA07BB31EF1861600E7110F /* Project object */ = {
			isa = PBXProject;
			attributes = {
				LastSwiftUpdateCheck = 0830;
				LastUpgradeCheck = 0830;
				ORGANIZATIONNAME = "Kasey Schlaudt";
				TargetAttributes = {
					4AA07BBA1EF1861600E7110F = {
						CreatedOnToolsVersion = 8.3.3;
						DevelopmentTeam = 23PWQH6WHK;
						ProvisioningStyle = Automatic;
					};
				};
			};
			buildConfigurationList = 4AA07BB61EF1861600E7110F /* Build configuration list for PBXProject "SearchApp" */;
			compatibilityVersion = "Xcode 3.2";
			developmentRegion = English;
			hasScannedForEncodings = 0;
			knownRegions = (
				en,
				Base,
			);
			mainGroup = 4AA07BB21EF1861600E7110F;
			productRefGroup = 4AA07BBC1EF1861600E7110F /* Products */;
			projectDirPath = "";
			projectRoot = "";
			targets = (
				4AA07BBA1EF1861600E7110F /* SearchApp */,
			);
		};
/* End PBXProject section */

/* Begin PBXResourcesBuildPhase section */
		4AA07BB91EF1861600E7110F /* Resources */ = {
			isa = PBXResourcesBuildPhase;
			buildActionMask = 2147483647;
			files = (
				4AA07BC91EF1861600E7110F /* LaunchScreen.storyboard in Resources */,
				4AA07BC61EF1861600E7110F /* Assets.xcassets in Resources */,
				4AA07BC41EF1861600E7110F /* Main.storyboard in Resources */,
			);
			runOnlyForDeploymentPostprocessing = 0;
		};
/* End PBXResourcesBuildPhase section */

/* Begin PBXSourcesBuildPhase section */
		4AA07BB71EF1861600E7110F /* Sources */ = {
			isa = PBXSourcesBuildPhase;
			buildActionMask = 2147483647;
			files = (
				4AA07BC11EF1861600E7110F /* ViewController.swift in Sources */,
				4AA07BD11EF18EC200E7110F /* DataCell.swift in Sources */,
				4AA07BBF1EF1861600E7110F /* AppDelegate.swift in Sources */,
			);
			runOnlyForDeploymentPostprocessing = 0;
		};
/* End PBXSourcesBuildPhase section */

/* Begin PBXVariantGroup section */
		4AA07BC21EF1861600E7110F /* Main.storyboard */ = {
			isa = PBXVariantGroup;
			children = (
				4AA07BC31EF1861600E7110F /* Base */,
			);
			name = Main.storyboard;
			sourceTree = "<group>";
		};
		4AA07BC71EF1861600E7110F /* LaunchScreen.storyboard */ = {
			isa = PBXVariantGroup;
			children = (
				4AA07BC81EF1861600E7110F /* Base */,
			);
			name = LaunchScreen.storyboard;
			sourceTree = "<group>";
		};
/* End PBXVariantGroup section */

/* Begin XCBuildConfiguration section */
		4AA07BCB1EF1861600E7110F /* Debug */ = {
			isa = XCBuildConfiguration;
			buildSettings = {
				ALWAYS_SEARCH_USER_PATHS = NO;
				CLANG_ANALYZER_NONNULL = YES;
				CLANG_ANALYZER_NUMBER_OBJECT_CONVERSION = YES_AGGRESSIVE;
				CLANG_CXX_LANGUAGE_STANDARD = "gnu++0x";
				CLANG_CXX_LIBRARY = "libc++";
				CLANG_ENABLE_MODULES = YES;
				CLANG_ENABLE_OBJC_ARC = YES;
				CLANG_WARN_BOOL_CONVERSION = YES;
				CLANG_WARN_CONSTANT_CONVERSION = YES;
				CLANG_WARN_DIRECT_OBJC_ISA_USAGE = YES_ERROR;
				CLANG_WARN_DOCUMENTATION_COMMENTS = YES;
				CLANG_WARN_EMPTY_BODY = YES;
				CLANG_WARN_ENUM_CONVERSION = YES;
				CLANG_WARN_INFINITE_RECURSION = YES;
				CLANG_WARN_INT_CONVERSION = YES;
				CLANG_WARN_OBJC_ROOT_CLASS = YES_ERROR;
				CLANG_WARN_SUSPICIOUS_MOVE = YES;
				CLANG_WARN_UNREACHABLE_CODE = YES;
				CLANG_WARN__DUPLICATE_METHOD_MATCH = YES;
				"CODE_SIGN_IDENTITY[sdk=iphoneos*]" = "iPhone Developer";
				COPY_PHASE_STRIP = NO;
				DEBUG_INFORMATION_FORMAT = dwarf;
				ENABLE_STRICT_OBJC_MSGSEND = YES;
				ENABLE_TESTABILITY = YES;
				GCC_C_LANGUAGE_STANDARD = gnu99;
				GCC_DYNAMIC_NO_PIC = NO;
				GCC_NO_COMMON_BLOCKS = YES;
				GCC_OPTIMIZATION_LEVEL = 0;
				GCC_PREPROCESSOR_DEFINITIONS = (
					"DEBUG=1",
					"$(inherited)",
				);
				GCC_WARN_64_TO_32_BIT_CONVERSION = YES;
				GCC_WARN_ABOUT_RETURN_TYPE = YES_ERROR;
				GCC_WARN_UNDECLARED_SELECTOR = YES;
				GCC_WARN_UNINITIALIZED_AUTOS = YES_AGGRESSIVE;
				GCC_WARN_UNUSED_FUNCTION = YES;
				GCC_WARN_UNUSED_VARIABLE = YES;
				IPHONEOS_DEPLOYMENT_TARGET = 10.3;
				MTL_ENABLE_DEBUG_INFO = YES;
				ONLY_ACTIVE_ARCH = YES;
				SDKROOT = iphoneos;
				SWIFT_ACTIVE_COMPILATION_CONDITIONS = DEBUG;
				SWIFT_OPTIMIZATION_LEVEL = "-Onone";
				TARGETED_DEVICE_FAMILY = "1,2";
			};
			name = Debug;
		};
		4AA07BCC1EF1861600E7110F /* Release */ = {
			isa = XCBuildConfiguration;
			buildSettings = {
				ALWAYS_SEARCH_USER_PATHS = NO;
				CLANG_ANALYZER_NONNULL = YES;
				CLANG_ANALYZER_NUMBER_OBJECT_CONVERSION = YES_AGGRESSIVE;
				CLANG_CXX_LANGUAGE_STANDARD = "gnu++0x";
				CLANG_CXX_LIBRARY = "libc++";
				CLANG_ENABLE_MODULES = YES;
				CLANG_ENABLE_OBJC_ARC = YES;
				CLANG_WARN_BOOL_CONVERSION = YES;
				CLANG_WARN_CONSTANT_CONVERSION = YES;
				CLANG_WARN_DIRECT_OBJC_ISA_USAGE = YES_ERROR;
				CLANG_WARN_DOCUMENTATION_COMMENTS = YES;
				CLANG_WARN_EMPTY_BODY = YES;
				CLANG_WARN_ENUM_CONVERSION = YES;
				CLANG_WARN_INFINITE_RECURSION = YES;
				CLANG_WARN_INT_CONVERSION = YES;
				CLANG_WARN_OBJC_ROOT_CLASS = YES_ERROR;
				CLANG_WARN_SUSPICIOUS_MOVE = YES;
				CLANG_WARN_UNREACHABLE_CODE = YES;
				CLANG_WARN__DUPLICATE_METHOD_MATCH = YES;
				"CODE_SIGN_IDENTITY[sdk=iphoneos*]" = "iPhone Developer";
				COPY_PHASE_STRIP = NO;
				DEBUG_INFORMATION_FORMAT = "dwarf-with-dsym";
				ENABLE_NS_ASSERTIONS = NO;
				ENABLE_STRICT_OBJC_MSGSEND = YES;
				GCC_C_LANGUAGE_STANDARD = gnu99;
				GCC_NO_COMMON_BLOCKS = YES;
				GCC_WARN_64_TO_32_BIT_CONVERSION = YES;
				GCC_WARN_ABOUT_RETURN_TYPE = YES_ERROR;
				GCC_WARN_UNDECLARED_SELECTOR = YES;
				GCC_WARN_UNINITIALIZED_AUTOS = YES_AGGRESSIVE;
				GCC_WARN_UNUSED_FUNCTION = YES;
				GCC_WARN_UNUSED_VARIABLE = YES;
				IPHONEOS_DEPLOYMENT_TARGET = 10.3;
				MTL_ENABLE_DEBUG_INFO = NO;
				SDKROOT = iphoneos;
				SWIFT_OPTIMIZATION_LEVEL = "-Owholemodule";
				TARGETED_DEVICE_FAMILY = "1,2";
				VALIDATE_PRODUCT = YES;
			};
			name = Release;
		};
		4AA07BCE1EF1861600E7110F /* Debug */ = {
			isa = XCBuildConfiguration;
			buildSettings = {
				ASSETCATALOG_COMPILER_APPICON_NAME = AppIcon;
				DEVELOPMENT_TEAM = 23PWQH6WHK;
				INFOPLIST_FILE = SearchApp/Info.plist;
				LD_RUNPATH_SEARCH_PATHS = "$(inherited) @executable_path/Frameworks";
				PRODUCT_BUNDLE_IDENTIFIER = com.kaseyschlaudt.SearchApp;
				PRODUCT_NAME = "$(TARGET_NAME)";
				SWIFT_VERSION = 3.0;
			};
			name = Debug;
		};
		4AA07BCF1EF1861600E7110F /* Release */ = {
			isa = XCBuildConfiguration;
			buildSettings = {
				ASSETCATALOG_COMPILER_APPICON_NAME = AppIcon;
				DEVELOPMENT_TEAM = 23PWQH6WHK;
				INFOPLIST_FILE = SearchApp/Info.plist;
				LD_RUNPATH_SEARCH_PATHS = "$(inherited) @executable_path/Frameworks";
				PRODUCT_BUNDLE_IDENTIFIER = com.kaseyschlaudt.SearchApp;
				PRODUCT_NAME = "$(TARGET_NAME)";
				SWIFT_VERSION = 3.0;
			};
			name = Release;
		};
/* End XCBuildConfiguration section */

/* Begin XCConfigurationList section */
		4AA07BB61EF1861600E7110F /* Build configuration list for PBXProject "SearchApp" */ = {
			isa = XCConfigurationList;
			buildConfigurations = (
				4AA07BCB1EF1861600E7110F /* Debug */,
				4AA07BCC1EF1861600E7110F /* Release */,
			);
			defaultConfigurationIsVisible = 0;
			defaultConfigurationName = Release;
		};
		4AA07BCD1EF1861600E7110F /* Build configuration list for PBXNativeTarget "SearchApp" */ = {
			isa = XCConfigurationList;
			buildConfigurations = (
				4AA07BCE1EF1861600E7110F /* Debug */,
				4AA07BCF1EF1861600E7110F /* Release */,
			);
			defaultConfigurationIsVisible = 0;
		};
/* End XCConfigurationList section */
	};
	rootObject = 4AA07BB31EF1861600E7110F /* Project object */;
}
